
Microsoft Visual Studio Solution File, Format Version 12.00
# Visual Studio 15
VisualStudioVersion = 15.0.26124.0
MinimumVisualStudioVersion = 15.0.26124.0
Project("{2150E333-8FDC-42A3-9474-1A3956D46DE8}") = "src", "src", "{6F8489AB-CFD1-4455-8922-FC61B920BD77}"
EndProject
Project("{FAE04EC0-301F-11D3-BF4B-00C04F79EFBC}") = "BibleVerseLookup.Web", "src\BibleVerseLookup.Web\BibleVerseLookup.Web.csproj", "{A7A39EC5-D0AE-4C93-B4D1-634FE50E713C}"
EndProject
Global
	GlobalSection(SolutionConfigurationPlatforms) = preSolution
		Debug|Any CPU = Debug|Any CPU
		Debug|x64 = Debug|x64
		Debug|x86 = Debug|x86
		Release|Any CPU = Release|Any CPU
		Release|x64 = Release|x64
		Release|x86 = Release|x86
	EndGlobalSection
	GlobalSection(SolutionProperties) = preSolution
		HideSolutionNode = FALSE
	EndGlobalSection
	GlobalSection(ProjectConfigurationPlatforms) = postSolution
		{A7A39EC5-D0AE-4C93-B4D1-634FE50E713C}.Debug|Any CPU.ActiveCfg = Debug|Any CPU
		{A7A39EC5-D0AE-4C93-B4D1-634FE50E713C}.Debug|Any CPU.Build.0 = Debug|Any CPU
		{A7A39EC5-D0AE-4C93-B4D1-634FE50E713C}.Debug|x64.ActiveCfg = Debug|Any CPU
		{A7A39EC5-D0AE-4C93-B4D1-634FE50E713C}.Debug|x64.Build.0 = Debug|Any CPU
		{A7A39EC5-D0AE-4C93-B4D1-634FE50E713C}.Debug|x86.ActiveCfg = Debug|Any CPU
		{A7A39EC5-D0AE-4C93-B4D1-634FE50E713C}.Debug|x86.Build.0 = Debug|Any CPU
		{A7A39EC5-D0AE-4C93-B4D1-634FE50E713C}.Release|Any CPU.ActiveCfg = Release|Any CPU
		{A7A39EC5-D0AE-4C93-B4D1-634FE50E713C}.Release|Any CPU.Build.0 = Release|Any CPU
		{A7A39EC5-D0AE-4C93-B4D1-634FE50E713C}.Release|x64.ActiveCfg = Release|Any CPU
		{A7A39EC5-D0AE-4C93-B4D1-634FE50E713C}.Release|x64.Build.0 = Release|Any CPU
		{A7A39EC5-D0AE-4C93-B4D1-634FE50E713C}.Release|x86.ActiveCfg = Release|Any CPU
		{A7A39EC5-D0AE-4C93-B4D1-634FE50E713C}.Release|x86.Build.0 = Release|Any CPU
	EndGlobalSection
	GlobalSection(NestedProjects) = preSolution
		{A7A39EC5-D0AE-4C93-B4D1-634FE50E713C} = {6F8489AB-CFD1-4455-8922-FC61B920BD77}
	EndGlobalSection
EndGlobal
